
Microsoft Visual Studio Solution File, Format Version 12.00
Project("{FAE04EC0-301F-11D3-BF4B-00C04F79EFBC}") = "TransactionAppProject", "TransactionAppProject\TransactionAppProject.csproj", "{C09DFE61-2DD9-4B8D-B1D2-8B71BF65E79E}"
EndProject
Project("{FAE04EC0-301F-11D3-BF4B-00C04F79EFBC}") = "TransactionAppProject.Test", "TransactionAppProject.Test\TransactionAppProject.Test.csproj", "{7180842B-D049-4D6C-A7DB-3E1380D068F7}"
EndProject
Global
	GlobalSection(SolutionConfigurationPlatforms) = preSolution
		Debug|Any CPU = Debug|Any CPU
		Release|Any CPU = Release|Any CPU
	EndGlobalSection
	GlobalSection(ProjectConfigurationPlatforms) = postSolution
		{C09DFE61-2DD9-4B8D-B1D2-8B71BF65E79E}.Debug|Any CPU.ActiveCfg = Debug|Any CPU
		{C09DFE61-2DD9-4B8D-B1D2-8B71BF65E79E}.Debug|Any CPU.Build.0 = Debug|Any CPU
		{C09DFE61-2DD9-4B8D-B1D2-8B71BF65E79E}.Release|Any CPU.ActiveCfg = Release|Any CPU
		{C09DFE61-2DD9-4B8D-B1D2-8B71BF65E79E}.Release|Any CPU.Build.0 = Release|Any CPU
		{7180842B-D049-4D6C-A7DB-3E1380D068F7}.Debug|Any CPU.ActiveCfg = Debug|Any CPU
		{7180842B-D049-4D6C-A7DB-3E1380D068F7}.Debug|Any CPU.Build.0 = Debug|Any CPU
		{7180842B-D049-4D6C-A7DB-3E1380D068F7}.Release|Any CPU.ActiveCfg = Release|Any CPU
		{7180842B-D049-4D6C-A7DB-3E1380D068F7}.Release|Any CPU.Build.0 = Release|Any CPU
	EndGlobalSection
EndGlobal
